
Microsoft Visual Studio Solution File, Format Version 12.00
# Visual Studio 15
VisualStudioVersion = 15.0.27428.2037
MinimumVisualStudioVersion = 10.0.40219.1
Project("{8BC9CEB8-8B4A-11D0-8D11-00A0C91BC942}") = "OpenGLTests", "OpenGLTests\OpenGLTests.vcxproj", "{138BDFAF-8A6E-407A-9FD0-95792A79D5ED}"
EndProject
Project("{2150E333-8FDC-42A3-9474-1A3956D46DE8}") = "apps", "apps", "{12389A11-D682-4ED5-BF7B-D298EAF62BAF}"
EndProject
Project("{8BC9CEB8-8B4A-11D0-8D11-00A0C91BC942}") = "HelloOpenGL", "apps\HelloOpenGL\HelloOpenGL.vcxproj", "{2E443EBB-0F2F-49CA-A519-FB2260AC54A6}"
EndProject
Project("{8BC9CEB8-8B4A-11D0-8D11-00A0C91BC942}") = "HelloTriangle", "apps\HelloTriangle\HelloTriangle.vcxproj", "{211A184B-88CB-4E8D-8858-6840EDD29F56}"
EndProject
Global
	GlobalSection(SolutionConfigurationPlatforms) = preSolution
		Debug|x64 = Debug|x64
		Debug|x86 = Debug|x86
		Release|x64 = Release|x64
		Release|x86 = Release|x86
	EndGlobalSection
	GlobalSection(ProjectConfigurationPlatforms) = postSolution
		{138BDFAF-8A6E-407A-9FD0-95792A79D5ED}.Debug|x64.ActiveCfg = Debug|x64
		{138BDFAF-8A6E-407A-9FD0-95792A79D5ED}.Debug|x64.Build.0 = Debug|x64
		{138BDFAF-8A6E-407A-9FD0-95792A79D5ED}.Debug|x86.ActiveCfg = Debug|Win32
		{138BDFAF-8A6E-407A-9FD0-95792A79D5ED}.Debug|x86.Build.0 = Debug|Win32
		{138BDFAF-8A6E-407A-9FD0-95792A79D5ED}.Release|x64.ActiveCfg = Release|x64
		{138BDFAF-8A6E-407A-9FD0-95792A79D5ED}.Release|x64.Build.0 = Release|x64
		{138BDFAF-8A6E-407A-9FD0-95792A79D5ED}.Release|x86.ActiveCfg = Release|Win32
		{138BDFAF-8A6E-407A-9FD0-95792A79D5ED}.Release|x86.Build.0 = Release|Win32
		{2E443EBB-0F2F-49CA-A519-FB2260AC54A6}.Debug|x64.ActiveCfg = Debug|x64
		{2E443EBB-0F2F-49CA-A519-FB2260AC54A6}.Debug|x64.Build.0 = Debug|x64
		{2E443EBB-0F2F-49CA-A519-FB2260AC54A6}.Debug|x86.ActiveCfg = Debug|Win32
		{2E443EBB-0F2F-49CA-A519-FB2260AC54A6}.Debug|x86.Build.0 = Debug|Win32
		{2E443EBB-0F2F-49CA-A519-FB2260AC54A6}.Release|x64.ActiveCfg = Release|x64
		{2E443EBB-0F2F-49CA-A519-FB2260AC54A6}.Release|x64.Build.0 = Release|x64
		{2E443EBB-0F2F-49CA-A519-FB2260AC54A6}.Release|x86.ActiveCfg = Release|Win32
		{2E443EBB-0F2F-49CA-A519-FB2260AC54A6}.Release|x86.Build.0 = Release|Win32
		{211A184B-88CB-4E8D-8858-6840EDD29F56}.Debug|x64.ActiveCfg = Debug|x64
		{211A184B-88CB-4E8D-8858-6840EDD29F56}.Debug|x64.Build.0 = Debug|x64
		{211A184B-88CB-4E8D-8858-6840EDD29F56}.Debug|x86.ActiveCfg = Debug|Win32
		{211A184B-88CB-4E8D-8858-6840EDD29F56}.Debug|x86.Build.0 = Debug|Win32
		{211A184B-88CB-4E8D-8858-6840EDD29F56}.Release|x64.ActiveCfg = Release|x64
		{211A184B-88CB-4E8D-8858-6840EDD29F56}.Release|x64.Build.0 = Release|x64
		{211A184B-88CB-4E8D-8858-6840EDD29F56}.Release|x86.ActiveCfg = Release|Win32
		{211A184B-88CB-4E8D-8858-6840EDD29F56}.Release|x86.Build.0 = Release|Win32
	EndGlobalSection
	GlobalSection(SolutionProperties) = preSolution
		HideSolutionNode = FALSE
	EndGlobalSection
	GlobalSection(NestedProjects) = preSolution
		{2E443EBB-0F2F-49CA-A519-FB2260AC54A6} = {12389A11-D682-4ED5-BF7B-D298EAF62BAF}
		{211A184B-88CB-4E8D-8858-6840EDD29F56} = {12389A11-D682-4ED5-BF7B-D298EAF62BAF}
	EndGlobalSection
	GlobalSection(ExtensibilityGlobals) = postSolution
		SolutionGuid = {2603D6CF-7AF4-4D9F-8F21-7753C81763A5}
	EndGlobalSection
EndGlobal
